
Microsoft Visual Studio Solution File, Format Version 12.00
# Visual Studio Version 17
VisualStudioVersion = 17.14.35906.104 d17.14
MinimumVisualStudioVersion = 10.0.40219.1
Project("{FAE04EC0-301F-11D3-BF4B-00C04F79EFBC}") = "FirstApp", "FirstApp\FirstApp.csproj", "{6A6E0CCF-D7C1-4276-ACDB-AEF7910920CA}"
EndProject
Global
	GlobalSection(SolutionConfigurationPlatforms) = preSolution
		Debug|Any CPU = Debug|Any CPU
		Release|Any CPU = Release|Any CPU
	EndGlobalSection
	GlobalSection(ProjectConfigurationPlatforms) = postSolution
		{6A6E0CCF-D7C1-4276-ACDB-AEF7910920CA}.Debug|Any CPU.ActiveCfg = Debug|Any CPU
		{6A6E0CCF-D7C1-4276-ACDB-AEF7910920CA}.Debug|Any CPU.Build.0 = Debug|Any CPU
		{6A6E0CCF-D7C1-4276-ACDB-AEF7910920CA}.Release|Any CPU.ActiveCfg = Release|Any CPU
		{6A6E0CCF-D7C1-4276-ACDB-AEF7910920CA}.Release|Any CPU.Build.0 = Release|Any CPU
	EndGlobalSection
	GlobalSection(SolutionProperties) = preSolution
		HideSolutionNode = FALSE
	EndGlobalSection
	GlobalSection(ExtensibilityGlobals) = postSolution
		SolutionGuid = {881D253B-2187-4DE1-89EC-62D4CE69BD3C}
	EndGlobalSection
EndGlobal
