
Microsoft Visual Studio Solution File, Format Version 12.00
# Visual Studio Version 17
VisualStudioVersion = 17.14.35906.104 d17.14
MinimumVisualStudioVersion = 10.0.40219.1
Project("{FAE04EC0-301F-11D3-BF4B-00C04F79EFBC}") = "WebAPI", "WebAPI\WebAPI.csproj", "{0A8E9E90-897D-4C61-94E7-BA9EA82A4469}"
EndProject
Global
	GlobalSection(SolutionConfigurationPlatforms) = preSolution
		Debug|Any CPU = Debug|Any CPU
		Release|Any CPU = Release|Any CPU
	EndGlobalSection
	GlobalSection(ProjectConfigurationPlatforms) = postSolution
		{0A8E9E90-897D-4C61-94E7-BA9EA82A4469}.Debug|Any CPU.ActiveCfg = Debug|Any CPU
		{0A8E9E90-897D-4C61-94E7-BA9EA82A4469}.Debug|Any CPU.Build.0 = Debug|Any CPU
		{0A8E9E90-897D-4C61-94E7-BA9EA82A4469}.Release|Any CPU.ActiveCfg = Release|Any CPU
		{0A8E9E90-897D-4C61-94E7-BA9EA82A4469}.Release|Any CPU.Build.0 = Release|Any CPU
	EndGlobalSection
	GlobalSection(SolutionProperties) = preSolution
		HideSolutionNode = FALSE
	EndGlobalSection
	GlobalSection(ExtensibilityGlobals) = postSolution
		SolutionGuid = {BDB707A9-EEAF-40D3-9510-2EB495E48005}
	EndGlobalSection
EndGlobal
